
Microsoft Visual Studio Solution File, Format Version 12.00
# Visual Studio Version 17
VisualStudioVersion = 17.14.36518.9 d17.14
MinimumVisualStudioVersion = 10.0.40219.1
Project("{FAE04EC0-301F-11D3-BF4B-00C04F79EFBC}") = "mindtechNewsletter.Server", "mindtechNewsletter.Server\mindtechNewsletter.Server.csproj", "{75FCD40A-E021-48BF-9E7C-C98A0E526424}"
EndProject
Global
	GlobalSection(SolutionConfigurationPlatforms) = preSolution
		Debug|Any CPU = Debug|Any CPU
		Release|Any CPU = Release|Any CPU
	EndGlobalSection
	GlobalSection(ProjectConfigurationPlatforms) = postSolution
		{75FCD40A-E021-48BF-9E7C-C98A0E526424}.Debug|Any CPU.ActiveCfg = Debug|Any CPU
		{75FCD40A-E021-48BF-9E7C-C98A0E526424}.Debug|Any CPU.Build.0 = Debug|Any CPU
		{75FCD40A-E021-48BF-9E7C-C98A0E526424}.Release|Any CPU.ActiveCfg = Release|Any CPU
		{75FCD40A-E021-48BF-9E7C-C98A0E526424}.Release|Any CPU.Build.0 = Release|Any CPU
	EndGlobalSection
	GlobalSection(SolutionProperties) = preSolution
		HideSolutionNode = FALSE
	EndGlobalSection
	GlobalSection(ExtensibilityGlobals) = postSolution
		SolutionGuid = {094E8295-6929-417A-A3C3-A4E31ABC220F}
	EndGlobalSection
EndGlobal
